
Microsoft Visual Studio Solution File, Format Version 12.00
# Visual Studio Version 16
VisualStudioVersion = 16.0.32106.194
MinimumVisualStudioVersion = 10.0.40219.1
Project("{FAE04EC0-301F-11D3-BF4B-00C04F79EFBC}") = "WebApplication5", "WebApplication5\WebApplication5.csproj", "{FF4EF493-216E-43E3-A2F5-78170D7C0D6B}"
EndProject
Global
	GlobalSection(SolutionConfigurationPlatforms) = preSolution
		Debug|Any CPU = Debug|Any CPU
		Release|Any CPU = Release|Any CPU
	EndGlobalSection
	GlobalSection(ProjectConfigurationPlatforms) = postSolution
		{FF4EF493-216E-43E3-A2F5-78170D7C0D6B}.Debug|Any CPU.ActiveCfg = Debug|Any CPU
		{FF4EF493-216E-43E3-A2F5-78170D7C0D6B}.Debug|Any CPU.Build.0 = Debug|Any CPU
		{FF4EF493-216E-43E3-A2F5-78170D7C0D6B}.Release|Any CPU.ActiveCfg = Release|Any CPU
		{FF4EF493-216E-43E3-A2F5-78170D7C0D6B}.Release|Any CPU.Build.0 = Release|Any CPU
	EndGlobalSection
	GlobalSection(SolutionProperties) = preSolution
		HideSolutionNode = FALSE
	EndGlobalSection
	GlobalSection(ExtensibilityGlobals) = postSolution
		SolutionGuid = {95EA7457-C6F7-4879-AFBF-1A3288047AE4}
	EndGlobalSection
EndGlobal
